github.com/davecgh/go-spew v1.1.1 h1:vj9j/u1bqnvCEfJOwUhtlOARqs3+rkHYY13jYWTU97c=
github.com/lrweck/accumulator v0.0.0-20230204043344-6f6538ed8d35 h1:UOy0xlaFCC7AtcL+V75Y966WFPnUzQijYfC4Zkqvcx4=
github.com/lrweck/accumulator v0.0.0-20230204043344-6f6538ed8d35/go.mod h1:aEHlgNG5u4yPx0TqYv6yeuvefUCthLFnu7x+p3alMmg=
github.com/nar10z/go-accumulator v1.1.0 h1:UdRiD9/peiSvnkjrhZxo9B9oduDdUYdSyeEw81bJd/0=
github.com/nar10z/go-accumulator v1.1.0/go.mod h1:SNerQGLm6JtsUPM6A0B3MUs2huX8Sfkya50BuhE7RLQ=
github.com/pmezard/go-difflib v1.0.0 h1:4DBwDE0NGyQoBHbLQYPwSUPoCMWR5BEzIk/f1lZbAQM=
github.com/stretchr/testify v1.8.4 h1:CcVxjf3Q8PM0mHUKJCdn+eZZtm5yQwehR5yeSVQQcUk=
golang.org/x/sync v0.5.0 h1:60k92dhOjHxJkrqnwsfl8KuaHbn/5dl0lUPUklKo3qE=
golang.org/x/sync v0.5.0/go.mod h1:Czt+wKu1gCyEFDUtn0jG5QVvpJ6rzVqr5aXyt9drQfk=
gopkg.in/yaml.v3 v3.0.1 h1:fxVm/GzAzEWqLHuvctI91KS9hhNmmWOoWu0XTYJS7CA=
